github.com/glasslabs/client-go v0.2.0 h1:n1w7pC3I3t7Lru1yJbmuhIjuPCprefhAF1V2jjvq/Bs=
github.com/glasslabs/client-go v0.2.0/go.mod h1:IyhCNLlDg7KolU1WRHGXbfTbT0zLvxtrefoQlby+p9U=
github.com/pawal/go-hass v0.0.0-20230221123149-b1b116a7432d h1:8tAKssHhfrcb3zHE/EpS+p3fYUk4RLROOGoPba6/tHs=
github.com/pawal/go-hass v0.0.0-20230221123149-b1b116a7432d/go.mod h1:dEToidnncZjw4CqHXSpE0KI17uDI86Gt0Gfp5PEJKyA=
gopkg.in/check.v1 v0.0.0-20161208181325-20d25e280405 h1:yhCVgyC4o1eVCa2tZl7eS0r+SDo693bJlVdllGtEeKM=
gopkg.in/check.v1 v0.0.0-20161208181325-20d25e280405/go.mod h1:Co6ibVJAznAaIkqp8huTwlJQCZ016jof/cbN4VW5Yz0=
gopkg.in/yaml.v3 v3.0.1 h1:fxVm/GzAzEWqLHuvctI91KS9hhNmmWOoWu0XTYJS7CA=
gopkg.in/yaml.v3 v3.0.1/go.mod h1:K4uyk7z7BCEPqu6E+C64Yfv1cQ7kz7rIZviUmN+EgEM=
honnef.co/go/js/dom/v2 v2.0.0-20231112215516-51f43a291193 h1:qc3CbLs/1Tb3N7yIKKph/UbUoyI8YQfTF1apIvqX/I8=
honnef.co/go/js/dom/v2 v2.0.0-20231112215516-51f43a291193/go.mod h1:+JtEcbinwR4znM12aluJ3WjKgvhDPKPQ8hnP4YM+4jI=
